
Microsoft Visual Studio Solution File, Format Version 12.00
# Visual Studio Version 17
VisualStudioVersion = 17.14.36408.4 d17.14
MinimumVisualStudioVersion = 10.0.40219.1
Project("{FAE04EC0-301F-11D3-BF4B-00C04F79EFBC}") = "Projetos_web", "Projetos_web.csproj", "{12E9F6F5-3E17-41D6-9849-A3FB9B844E3C}"
EndProject
Global
	GlobalSection(SolutionConfigurationPlatforms) = preSolution
		Debug|Any CPU = Debug|Any CPU
		Release|Any CPU = Release|Any CPU
	EndGlobalSection
	GlobalSection(ProjectConfigurationPlatforms) = postSolution
		{12E9F6F5-3E17-41D6-9849-A3FB9B844E3C}.Debug|Any CPU.ActiveCfg = Debug|Any CPU
		{12E9F6F5-3E17-41D6-9849-A3FB9B844E3C}.Debug|Any CPU.Build.0 = Debug|Any CPU
		{12E9F6F5-3E17-41D6-9849-A3FB9B844E3C}.Release|Any CPU.ActiveCfg = Release|Any CPU
		{12E9F6F5-3E17-41D6-9849-A3FB9B844E3C}.Release|Any CPU.Build.0 = Release|Any CPU
	EndGlobalSection
	GlobalSection(SolutionProperties) = preSolution
		HideSolutionNode = FALSE
	EndGlobalSection
	GlobalSection(ExtensibilityGlobals) = postSolution
		SolutionGuid = {B3724B29-CD66-476F-A8F8-4F251FED9192}
	EndGlobalSection
EndGlobal
